
Microsoft Visual Studio Solution File, Format Version 12.00
# Visual Studio 15
VisualStudioVersion = 15.0.26730.12
MinimumVisualStudioVersion = 10.0.40219.1
Project("{FAE04EC0-301F-11D3-BF4B-00C04F79EFBC}") = "Vinogradov_exam", "Vinogradov_exam\Vinogradov_exam.csproj", "{DA28721C-BFC9-471C-AFAA-96604B1C8C26}"
EndProject
Global
	GlobalSection(SolutionConfigurationPlatforms) = preSolution
		Debug|Any CPU = Debug|Any CPU
		Release|Any CPU = Release|Any CPU
	EndGlobalSection
	GlobalSection(ProjectConfigurationPlatforms) = postSolution
		{DA28721C-BFC9-471C-AFAA-96604B1C8C26}.Debug|Any CPU.ActiveCfg = Debug|Any CPU
		{DA28721C-BFC9-471C-AFAA-96604B1C8C26}.Debug|Any CPU.Build.0 = Debug|Any CPU
		{DA28721C-BFC9-471C-AFAA-96604B1C8C26}.Release|Any CPU.ActiveCfg = Release|Any CPU
		{DA28721C-BFC9-471C-AFAA-96604B1C8C26}.Release|Any CPU.Build.0 = Release|Any CPU
	EndGlobalSection
	GlobalSection(SolutionProperties) = preSolution
		HideSolutionNode = FALSE
	EndGlobalSection
	GlobalSection(ExtensibilityGlobals) = postSolution
		SolutionGuid = {392AD751-52F1-4188-8A31-7D6D98680659}
	EndGlobalSection
EndGlobal
